
Microsoft Visual Studio Solution File, Format Version 12.00
# Visual Studio 15
VisualStudioVersion = 15.0.27428.2043
MinimumVisualStudioVersion = 10.0.40219.1
Project("{FAE04EC0-301F-11D3-BF4B-00C04F79EFBC}") = "UiPath - Easy Job Control", "UiPath - Easy Job Control\UiPath - Easy Job Control.csproj", "{1C4FABE6-F80C-41A4-8A9F-1E328767FB95}"
EndProject
Project("{FAE04EC0-301F-11D3-BF4B-00C04F79EFBC}") = "UiPath Easy Job Control Tests", "UiPath Easy Job Control Tests\UiPath Easy Job Control Tests.csproj", "{6F7CF3B1-00A4-4EB3-8476-E8886C193CB7}"
EndProject
Project("{FAE04EC0-301F-11D3-BF4B-00C04F79EFBC}") = "UiPathEJC.Service.Rest", "UiPathEJC.Service.Rest\UiPathEJC.Service.Rest.csproj", "{8853829E-E637-4CEA-98E1-7A2406410894}"
EndProject
Global
	GlobalSection(SolutionConfigurationPlatforms) = preSolution
		Debug|Any CPU = Debug|Any CPU
		Release|Any CPU = Release|Any CPU
	EndGlobalSection
	GlobalSection(ProjectConfigurationPlatforms) = postSolution
		{1C4FABE6-F80C-41A4-8A9F-1E328767FB95}.Debug|Any CPU.ActiveCfg = Debug|Any CPU
		{1C4FABE6-F80C-41A4-8A9F-1E328767FB95}.Debug|Any CPU.Build.0 = Debug|Any CPU
		{1C4FABE6-F80C-41A4-8A9F-1E328767FB95}.Release|Any CPU.ActiveCfg = Release|Any CPU
		{1C4FABE6-F80C-41A4-8A9F-1E328767FB95}.Release|Any CPU.Build.0 = Release|Any CPU
		{6F7CF3B1-00A4-4EB3-8476-E8886C193CB7}.Debug|Any CPU.ActiveCfg = Debug|Any CPU
		{6F7CF3B1-00A4-4EB3-8476-E8886C193CB7}.Debug|Any CPU.Build.0 = Debug|Any CPU
		{6F7CF3B1-00A4-4EB3-8476-E8886C193CB7}.Release|Any CPU.ActiveCfg = Release|Any CPU
		{6F7CF3B1-00A4-4EB3-8476-E8886C193CB7}.Release|Any CPU.Build.0 = Release|Any CPU
		{8853829E-E637-4CEA-98E1-7A2406410894}.Debug|Any CPU.ActiveCfg = Debug|Any CPU
		{8853829E-E637-4CEA-98E1-7A2406410894}.Debug|Any CPU.Build.0 = Debug|Any CPU
		{8853829E-E637-4CEA-98E1-7A2406410894}.Release|Any CPU.ActiveCfg = Release|Any CPU
		{8853829E-E637-4CEA-98E1-7A2406410894}.Release|Any CPU.Build.0 = Release|Any CPU
	EndGlobalSection
	GlobalSection(SolutionProperties) = preSolution
		HideSolutionNode = FALSE
	EndGlobalSection
	GlobalSection(ExtensibilityGlobals) = postSolution
		SolutionGuid = {23E3EDE9-3191-448B-ADFB-918E77E84C7D}
	EndGlobalSection
EndGlobal
